// !$*UTF8*$!
{
	archiveVersion = 1;
	classes = {
	};
	objectVersion = 56;
	objects = {

/* Begin PBXBuildFile section */
		7ACA25E72B1FB2250058794A /* AppDelegate.swift in Sources */ = {isa = PBXBuildFile; fileRef = 7ACA25E62B1FB2250058794A /* AppDelegate.swift */; };
		7ACA25E92B1FB2250058794A /* SceneDelegate.swift in Sources */ = {isa = PBXBuildFile; fileRef = 7ACA25E82B1FB2250058794A /* SceneDelegate.swift */; };
		7ACA25EB2B1FB2250058794A /* ViewController.swift in Sources */ = {isa = PBXBuildFile; fileRef = 7ACA25EA2B1FB2250058794A /* ViewController.swift */; };
		7ACA25EE2B1FB2250058794A /* Main.storyboard in Resources */ = {isa = PBXBuildFile; fileRef = 7ACA25EC2B1FB2250058794A /* Main.storyboard */; };
		7ACA25F02B1FB2270058794A /* Assets.xcassets in Resources */ = {isa = PBXBuildFile; fileRef = 7ACA25EF2B1FB2270058794A /* Assets.xcassets */; };
		7ACA25F32B1FB2270058794A /* LaunchScreen.storyboard in Resources */ = {isa = PBXBuildFile; fileRef = 7ACA25F12B1FB2270058794A /* LaunchScreen.storyboard */; };
		7ACA25FB2B1FB45F0058794A /* Task1 - findFactorial.swift in Sources */ = {isa = PBXBuildFile; fileRef = 7ACA25FA2B1FB45F0058794A /* Task1 - findFactorial.swift */; };
		7ACA25FD2B1FB5730058794A /* Task2 - squareEachNumberInArray.swift in Sources */ = {isa = PBXBuildFile; fileRef = 7ACA25FC2B1FB5730058794A /* Task2 - squareEachNumberInArray.swift */; };
		7ACA25FF2B1FB5B90058794A /* Task3 - filterEvenNumbers.swift in Sources */ = {isa = PBXBuildFile; fileRef = 7ACA25FE2B1FB5B90058794A /* Task3 - filterEvenNumbers.swift */; };
		7ACA26012B1FB6160058794A /* Task4 - sortStringsInAscendingOrder.swift in Sources */ = {isa = PBXBuildFile; fileRef = 7ACA26002B1FB6160058794A /* Task4 - sortStringsInAscendingOrder.swift */; };
		7ACA26032B1FB6570058794A /* Task5 - filterBooksByGenre.swift in Sources */ = {isa = PBXBuildFile; fileRef = 7ACA26022B1FB6570058794A /* Task5 - filterBooksByGenre.swift */; };
		7ACA26052B1FB7FD0058794A /* Task6 - uniteArrays.swift in Sources */ = {isa = PBXBuildFile; fileRef = 7ACA26042B1FB7FD0058794A /* Task6 - uniteArrays.swift */; };
		7ACA26072B1FB8480058794A /* Task7 - squareUsingMap.swift in Sources */ = {isa = PBXBuildFile; fileRef = 7ACA26062B1FB8480058794A /* Task7 - squareUsingMap.swift */; };
/* End PBXBuildFile section */

/* Begin PBXFileReference section */
		7ACA25E32B1FB2250058794A /* TMSHomework-Lesson6.app */ = {isa = PBXFileReference; explicitFileType = wrapper.application; includeInIndex = 0; path = "TMSHomework-Lesson6.app"; sourceTree = BUILT_PRODUCTS_DIR; };
		7ACA25E62B1FB2250058794A /* AppDelegate.swift */ = {isa = PBXFileReference; lastKnownFileType = sourcecode.swift; path = AppDelegate.swift; sourceTree = "<group>"; };
		7ACA25E82B1FB2250058794A /* SceneDelegate.swift */ = {isa = PBXFileReference; lastKnownFileType = sourcecode.swift; path = SceneDelegate.swift; sourceTree = "<group>"; };
		7ACA25EA2B1FB2250058794A /* ViewController.swift */ = {isa = PBXFileReference; lastKnownFileType = sourcecode.swift; path = ViewController.swift; sourceTree = "<group>"; };
		7ACA25ED2B1FB2250058794A /* Base */ = {isa = PBXFileReference; lastKnownFileType = file.storyboard; name = Base; path = Base.lproj/Main.storyboard; sourceTree = "<group>"; };
		7ACA25EF2B1FB2270058794A /* Assets.xcassets */ = {isa = PBXFileReference; lastKnownFileType = folder.assetcatalog; path = Assets.xcassets; sourceTree = "<group>"; };
		7ACA25F22B1FB2270058794A /* Base */ = {isa = PBXFileReference; lastKnownFileType = file.storyboard; name = Base; path = Base.lproj/LaunchScreen.storyboard; sourceTree = "<group>"; };
		7ACA25F42B1FB2270058794A /* Info.plist */ = {isa = PBXFileReference; lastKnownFileType = text.plist.xml; path = Info.plist; sourceTree = "<group>"; };
		7ACA25FA2B1FB45F0058794A /* Task1 - findFactorial.swift */ = {isa = PBXFileReference; lastKnownFileType = sourcecode.swift; path = "Task1 - findFactorial.swift"; sourceTree = "<group>"; };
		7ACA25FC2B1FB5730058794A /* Task2 - squareEachNumberInArray.swift */ = {isa = PBXFileReference; lastKnownFileType = sourcecode.swift; path = "Task2 - squareEachNumberInArray.swift"; sourceTree = "<group>"; };
		7ACA25FE2B1FB5B90058794A /* Task3 - filterEvenNumbers.swift */ = {isa = PBXFileReference; lastKnownFileType = sourcecode.swift; path = "Task3 - filterEvenNumbers.swift"; sourceTree = "<group>"; };
		7ACA26002B1FB6160058794A /* Task4 - sortStringsInAscendingOrder.swift */ = {isa = PBXFileReference; lastKnownFileType = sourcecode.swift; path = "Task4 - sortStringsInAscendingOrder.swift"; sourceTree = "<group>"; };
		7ACA26022B1FB6570058794A /* Task5 - filterBooksByGenre.swift */ = {isa = PBXFileReference; lastKnownFileType = sourcecode.swift; path = "Task5 - filterBooksByGenre.swift"; sourceTree = "<group>"; };
		7ACA26042B1FB7FD0058794A /* Task6 - uniteArrays.swift */ = {isa = PBXFileReference; lastKnownFileType = sourcecode.swift; path = "Task6 - uniteArrays.swift"; sourceTree = "<group>"; };
		7ACA26062B1FB8480058794A /* Task7 - squareUsingMap.swift */ = {isa = PBXFileReference; lastKnownFileType = sourcecode.swift; path = "Task7 - squareUsingMap.swift"; sourceTree = "<group>"; };
/* End PBXFileReference section */

/* Begin PBXFrameworksBuildPhase section */
		7ACA25E02B1FB2250058794A /* Frameworks */ = {
			isa = PBXFrameworksBuildPhase;
			buildActionMask = 2147483647;
			files = (
			);
			runOnlyForDeploymentPostprocessing = 0;
		};
/* End PBXFrameworksBuildPhase section */

/* Begin PBXGroup section */
		7ACA25DA2B1FB2250058794A = {
			isa = PBXGroup;
			children = (
				7ACA25E52B1FB2250058794A /* TMSHomework-Lesson6 */,
				7ACA25E42B1FB2250058794A /* Products */,
			);
			sourceTree = "<group>";
		};
		7ACA25E42B1FB2250058794A /* Products */ = {
			isa = PBXGroup;
			children = (
				7ACA25E32B1FB2250058794A /* TMSHomework-Lesson6.app */,
			);
			name = Products;
			sourceTree = "<group>";
		};
		7ACA25E52B1FB2250058794A /* TMSHomework-Lesson6 */ = {
			isa = PBXGroup;
			children = (
				7ACA25E62B1FB2250058794A /* AppDelegate.swift */,
				7ACA25E82B1FB2250058794A /* SceneDelegate.swift */,
				7ACA25EA2B1FB2250058794A /* ViewController.swift */,
				7ACA25FA2B1FB45F0058794A /* Task1 - findFactorial.swift */,
				7ACA25FC2B1FB5730058794A /* Task2 - squareEachNumberInArray.swift */,
				7ACA25FE2B1FB5B90058794A /* Task3 - filterEvenNumbers.swift */,
				7ACA26002B1FB6160058794A /* Task4 - sortStringsInAscendingOrder.swift */,
				7ACA26022B1FB6570058794A /* Task5 - filterBooksByGenre.swift */,
				7ACA26042B1FB7FD0058794A /* Task6 - uniteArrays.swift */,
				7ACA26062B1FB8480058794A /* Task7 - squareUsingMap.swift */,
				7ACA25EC2B1FB2250058794A /* Main.storyboard */,
				7ACA25EF2B1FB2270058794A /* Assets.xcassets */,
				7ACA25F12B1FB2270058794A /* LaunchScreen.storyboard */,
				7ACA25F42B1FB2270058794A /* Info.plist */,
			);
			path = "TMSHomework-Lesson6";
			sourceTree = "<group>";
		};
/* End PBXGroup section */

/* Begin PBXNativeTarget section */
		7ACA25E22B1FB2250058794A /* TMSHomework-Lesson6 */ = {
			isa = PBXNativeTarget;
			buildConfigurationList = 7ACA25F72B1FB2270058794A /* Build configuration list for PBXNativeTarget "TMSHomework-Lesson6" */;
			buildPhases = (
				7ACA25DF2B1FB2250058794A /* Sources */,
				7ACA25E02B1FB2250058794A /* Frameworks */,
				7ACA25E12B1FB2250058794A /* Resources */,
			);
			buildRules = (
			);
			dependencies = (
			);
			name = "TMSHomework-Lesson6";
			productName = "TMSHomework-Lesson6";
			productReference = 7ACA25E32B1FB2250058794A /* TMSHomework-Lesson6.app */;
			productType = "com.apple.product-type.application";
		};
/* End PBXNativeTarget section */

/* Begin PBXProject section */
		7ACA25DB2B1FB2250058794A /* Project object */ = {
			isa = PBXProject;
			attributes = {
				BuildIndependentTargetsInParallel = 1;
				LastSwiftUpdateCheck = 1500;
				LastUpgradeCheck = 1500;
				TargetAttributes = {
					7ACA25E22B1FB2250058794A = {
						CreatedOnToolsVersion = 15.0.1;
					};
				};
			};
			buildConfigurationList = 7ACA25DE2B1FB2250058794A /* Build configuration list for PBXProject "TMSHomework-Lesson6" */;
			compatibilityVersion = "Xcode 14.0";
			developmentRegion = en;
			hasScannedForEncodings = 0;
			knownRegions = (
				en,
				Base,
			);
			mainGroup = 7ACA25DA2B1FB2250058794A;
			productRefGroup = 7ACA25E42B1FB2250058794A /* Products */;
			projectDirPath = "";
			projectRoot = "";
			targets = (
				7ACA25E22B1FB2250058794A /* TMSHomework-Lesson6 */,
			);
		};
/* End PBXProject section */

/* Begin PBXResourcesBuildPhase section */
		7ACA25E12B1FB2250058794A /* Resources */ = {
			isa = PBXResourcesBuildPhase;
			buildActionMask = 2147483647;
			files = (
				7ACA25F32B1FB2270058794A /* LaunchScreen.storyboard in Resources */,
				7ACA25F02B1FB2270058794A /* Assets.xcassets in Resources */,
				7ACA25EE2B1FB2250058794A /* Main.storyboard in Resources */,
			);
			runOnlyForDeploymentPostprocessing = 0;
		};
/* End PBXResourcesBuildPhase section */

/* Begin PBXSourcesBuildPhase section */
		7ACA25DF2B1FB2250058794A /* Sources */ = {
			isa = PBXSourcesBuildPhase;
			buildActionMask = 2147483647;
			files = (
				7ACA26032B1FB6570058794A /* Task5 - filterBooksByGenre.swift in Sources */,
				7ACA26072B1FB8480058794A /* Task7 - squareUsingMap.swift in Sources */,
				7ACA25EB2B1FB2250058794A /* ViewController.swift in Sources */,
				7ACA25FB2B1FB45F0058794A /* Task1 - findFactorial.swift in Sources */,
				7ACA26052B1FB7FD0058794A /* Task6 - uniteArrays.swift in Sources */,
				7ACA25E72B1FB2250058794A /* AppDelegate.swift in Sources */,
				7ACA26012B1FB6160058794A /* Task4 - sortStringsInAscendingOrder.swift in Sources */,
				7ACA25FF2B1FB5B90058794A /* Task3 - filterEvenNumbers.swift in Sources */,
				7ACA25E92B1FB2250058794A /* SceneDelegate.swift in Sources */,
				7ACA25FD2B1FB5730058794A /* Task2 - squareEachNumberInArray.swift in Sources */,
			);
			runOnlyForDeploymentPostprocessing = 0;
		};
/* End PBXSourcesBuildPhase section */

/* Begin PBXVariantGroup section */
		7ACA25EC2B1FB2250058794A /* Main.storyboard */ = {
			isa = PBXVariantGroup;
			children = (
				7ACA25ED2B1FB2250058794A /* Base */,
			);
			name = Main.storyboard;
			sourceTree = "<group>";
		};
		7ACA25F12B1FB2270058794A /* LaunchScreen.storyboard */ = {
			isa = PBXVariantGroup;
			children = (
				7ACA25F22B1FB2270058794A /* Base */,
			);
			name = LaunchScreen.storyboard;
			sourceTree = "<group>";
		};
/* End PBXVariantGroup section */

/* Begin XCBuildConfiguration section */
		7ACA25F52B1FB2270058794A /* Debug */ = {
			isa = XCBuildConfiguration;
			buildSettings = {
				ALWAYS_SEARCH_USER_PATHS = NO;
				ASSETCATALOG_COMPILER_GENERATE_SWIFT_ASSET_SYMBOL_EXTENSIONS = YES;
				CLANG_ANALYZER_NONNULL = YES;
				CLANG_ANALYZER_NUMBER_OBJECT_CONVERSION = YES_AGGRESSIVE;
				CLANG_CXX_LANGUAGE_STANDARD = "gnu++20";
				CLANG_ENABLE_MODULES = YES;
				CLANG_ENABLE_OBJC_ARC = YES;
				CLANG_ENABLE_OBJC_WEAK = YES;
				CLANG_WARN_BLOCK_CAPTURE_AUTORELEASING = YES;
				CLANG_WARN_BOOL_CONVERSION = YES;
				CLANG_WARN_COMMA = YES;
				CLANG_WARN_CONSTANT_CONVERSION = YES;
				CLANG_WARN_DEPRECATED_OBJC_IMPLEMENTATIONS = YES;
				CLANG_WARN_DIRECT_OBJC_ISA_USAGE = YES_ERROR;
				CLANG_WARN_DOCUMENTATION_COMMENTS = YES;
				CLANG_WARN_EMPTY_BODY = YES;
				CLANG_WARN_ENUM_CONVERSION = YES;
				CLANG_WARN_INFINITE_RECURSION = YES;
				CLANG_WARN_INT_CONVERSION = YES;
				CLANG_WARN_NON_LITERAL_NULL_CONVERSION = YES;
				CLANG_WARN_OBJC_IMPLICIT_RETAIN_SELF = YES;
				CLANG_WARN_OBJC_LITERAL_CONVERSION = YES;
				CLANG_WARN_OBJC_ROOT_CLASS = YES_ERROR;
				CLANG_WARN_QUOTED_INCLUDE_IN_FRAMEWORK_HEADER = YES;
				CLANG_WARN_RANGE_LOOP_ANALYSIS = YES;
				CLANG_WARN_STRICT_PROTOTYPES = YES;
				CLANG_WARN_SUSPICIOUS_MOVE = YES;
				CLANG_WARN_UNGUARDED_AVAILABILITY = YES_AGGRESSIVE;
				CLANG_WARN_UNREACHABLE_CODE = YES;
				CLANG_WARN__DUPLICATE_METHOD_MATCH = YES;
				COPY_PHASE_STRIP = NO;
				DEBUG_INFORMATION_FORMAT = dwarf;
				ENABLE_STRICT_OBJC_MSGSEND = YES;
				ENABLE_TESTABILITY = YES;
				ENABLE_USER_SCRIPT_SANDBOXING = YES;
				GCC_C_LANGUAGE_STANDARD = gnu17;
				GCC_DYNAMIC_NO_PIC = NO;
				GCC_NO_COMMON_BLOCKS = YES;
				GCC_OPTIMIZATION_LEVEL = 0;
				GCC_PREPROCESSOR_DEFINITIONS = (
					"DEBUG=1",
					"$(inherited)",
				);
				GCC_WARN_64_TO_32_BIT_CONVERSION = YES;
				GCC_WARN_ABOUT_RETURN_TYPE = YES_ERROR;
				GCC_WARN_UNDECLARED_SELECTOR = YES;
				GCC_WARN_UNINITIALIZED_AUTOS = YES_AGGRESSIVE;
				GCC_WARN_UNUSED_FUNCTION = YES;
				GCC_WARN_UNUSED_VARIABLE = YES;
				IPHONEOS_DEPLOYMENT_TARGET = 17.0;
				LOCALIZATION_PREFERS_STRING_CATALOGS = YES;
				MTL_ENABLE_DEBUG_INFO = INCLUDE_SOURCE;
				MTL_FAST_MATH = YES;
				ONLY_ACTIVE_ARCH = YES;
				SDKROOT = iphoneos;
				SWIFT_ACTIVE_COMPILATION_CONDITIONS = "DEBUG $(inherited)";
				SWIFT_OPTIMIZATION_LEVEL = "-Onone";
			};
			name = Debug;
		};
		7ACA25F62B1FB2270058794A /* Release */ = {
			isa = XCBuildConfiguration;
			buildSettings = {
				ALWAYS_SEARCH_USER_PATHS = NO;
				ASSETCATALOG_COMPILER_GENERATE_SWIFT_ASSET_SYMBOL_EXTENSIONS = YES;
				CLANG_ANALYZER_NONNULL = YES;
				CLANG_ANALYZER_NUMBER_OBJECT_CONVERSION = YES_AGGRESSIVE;
				CLANG_CXX_LANGUAGE_STANDARD = "gnu++20";
				CLANG_ENABLE_MODULES = YES;
				CLANG_ENABLE_OBJC_ARC = YES;
				CLANG_ENABLE_OBJC_WEAK = YES;
				CLANG_WARN_BLOCK_CAPTURE_AUTORELEASING = YES;
				CLANG_WARN_BOOL_CONVERSION = YES;
				CLANG_WARN_COMMA = YES;
				CLANG_WARN_CONSTANT_CONVERSION = YES;
				CLANG_WARN_DEPRECATED_OBJC_IMPLEMENTATIONS = YES;
				CLANG_WARN_DIRECT_OBJC_ISA_USAGE = YES_ERROR;
				CLANG_WARN_DOCUMENTATION_COMMENTS = YES;
				CLANG_WARN_EMPTY_BODY = YES;
				CLANG_WARN_ENUM_CONVERSION = YES;
				CLANG_WARN_INFINITE_RECURSION = YES;
				CLANG_WARN_INT_CONVERSION = YES;
				CLANG_WARN_NON_LITERAL_NULL_CONVERSION = YES;
				CLANG_WARN_OBJC_IMPLICIT_RETAIN_SELF = YES;
				CLANG_WARN_OBJC_LITERAL_CONVERSION = YES;
				CLANG_WARN_OBJC_ROOT_CLASS = YES_ERROR;
				CLANG_WARN_QUOTED_INCLUDE_IN_FRAMEWORK_HEADER = YES;
				CLANG_WARN_RANGE_LOOP_ANALYSIS = YES;
				CLANG_WARN_STRICT_PROTOTYPES = YES;
				CLANG_WARN_SUSPICIOUS_MOVE = YES;
				CLANG_WARN_UNGUARDED_AVAILABILITY = YES_AGGRESSIVE;
				CLANG_WARN_UNREACHABLE_CODE = YES;
				CLANG_WARN__DUPLICATE_METHOD_MATCH = YES;
				COPY_PHASE_STRIP = NO;
				DEBUG_INFORMATION_FORMAT = "dwarf-with-dsym";
				ENABLE_NS_ASSERTIONS = NO;
				ENABLE_STRICT_OBJC_MSGSEND = YES;
				ENABLE_USER_SCRIPT_SANDBOXING = YES;
				GCC_C_LANGUAGE_STANDARD = gnu17;
				GCC_NO_COMMON_BLOCKS = YES;
				GCC_WARN_64_TO_32_BIT_CONVERSION = YES;
				GCC_WARN_ABOUT_RETURN_TYPE = YES_ERROR;
				GCC_WARN_UNDECLARED_SELECTOR = YES;
				GCC_WARN_UNINITIALIZED_AUTOS = YES_AGGRESSIVE;
				GCC_WARN_UNUSED_FUNCTION = YES;
				GCC_WARN_UNUSED_VARIABLE = YES;
				IPHONEOS_DEPLOYMENT_TARGET = 17.0;
				LOCALIZATION_PREFERS_STRING_CATALOGS = YES;
				MTL_ENABLE_DEBUG_INFO = NO;
				MTL_FAST_MATH = YES;
				SDKROOT = iphoneos;
				SWIFT_COMPILATION_MODE = wholemodule;
				VALIDATE_PRODUCT = YES;
			};
			name = Release;
		};
		7ACA25F82B1FB2270058794A /* Debug */ = {
			isa = XCBuildConfiguration;
			buildSettings = {
				ASSETCATALOG_COMPILER_APPICON_NAME = AppIcon;
				ASSETCATALOG_COMPILER_GLOBAL_ACCENT_COLOR_NAME = AccentColor;
				CODE_SIGN_STYLE = Automatic;
				CURRENT_PROJECT_VERSION = 1;
				DEVELOPMENT_TEAM = BLSN95DCGL;
				GENERATE_INFOPLIST_FILE = YES;
				INFOPLIST_FILE = "TMSHomework-Lesson6/Info.plist";
				INFOPLIST_KEY_UIApplicationSupportsIndirectInputEvents = YES;
				INFOPLIST_KEY_UILaunchStoryboardName = LaunchScreen;
				INFOPLIST_KEY_UIMainStoryboardFile = Main;
				INFOPLIST_KEY_UISupportedInterfaceOrientations_iPad = "UIInterfaceOrientationPortrait UIInterfaceOrientationPortraitUpsideDown UIInterfaceOrientationLandscapeLeft UIInterfaceOrientationLandscapeRight";
				INFOPLIST_KEY_UISupportedInterfaceOrientations_iPhone = "UIInterfaceOrientationPortrait UIInterfaceOrientationLandscapeLeft UIInterfaceOrientationLandscapeRight";
				LD_RUNPATH_SEARCH_PATHS = (
					"$(inherited)",
					"@executable_path/Frameworks",
				);
				MARKETING_VERSION = 1.0;
				PRODUCT_BUNDLE_IDENTIFIER = "com.example.TMSHomework-Lesson6";
				PRODUCT_NAME = "$(TARGET_NAME)";
				SWIFT_EMIT_LOC_STRINGS = YES;
				SWIFT_VERSION = 5.0;
				TARGETED_DEVICE_FAMILY = "1,2";
			};
			name = Debug;
		};
		7ACA25F92B1FB2270058794A /* Release */ = {
			isa = XCBuildConfiguration;
			buildSettings = {
				ASSETCATALOG_COMPILER_APPICON_NAME = AppIcon;
				ASSETCATALOG_COMPILER_GLOBAL_ACCENT_COLOR_NAME = AccentColor;
				CODE_SIGN_STYLE = Automatic;
				CURRENT_PROJECT_VERSION = 1;
				DEVELOPMENT_TEAM = BLSN95DCGL;
				GENERATE_INFOPLIST_FILE = YES;
				INFOPLIST_FILE = "TMSHomework-Lesson6/Info.plist";
				INFOPLIST_KEY_UIApplicationSupportsIndirectInputEvents = YES;
				INFOPLIST_KEY_UILaunchStoryboardName = LaunchScreen;
				INFOPLIST_KEY_UIMainStoryboardFile = Main;
				INFOPLIST_KEY_UISupportedInterfaceOrientations_iPad = "UIInterfaceOrientationPortrait UIInterfaceOrientationPortraitUpsideDown UIInterfaceOrientationLandscapeLeft UIInterfaceOrientationLandscapeRight";
				INFOPLIST_KEY_UISupportedInterfaceOrientations_iPhone = "UIInterfaceOrientationPortrait UIInterfaceOrientationLandscapeLeft UIInterfaceOrientationLandscapeRight";
				LD_RUNPATH_SEARCH_PATHS = (
					"$(inherited)",
					"@executable_path/Frameworks",
				);
				MARKETING_VERSION = 1.0;
				PRODUCT_BUNDLE_IDENTIFIER = "com.example.TMSHomework-Lesson6";
				PRODUCT_NAME = "$(TARGET_NAME)";
				SWIFT_EMIT_LOC_STRINGS = YES;
				SWIFT_VERSION = 5.0;
				TARGETED_DEVICE_FAMILY = "1,2";
			};
			name = Release;
		};
/* End XCBuildConfiguration section */

/* Begin XCConfigurationList section */
		7ACA25DE2B1FB2250058794A /* Build configuration list for PBXProject "TMSHomework-Lesson6" */ = {
			isa = XCConfigurationList;
			buildConfigurations = (
				7ACA25F52B1FB2270058794A /* Debug */,
				7ACA25F62B1FB2270058794A /* Release */,
			);
			defaultConfigurationIsVisible = 0;
			defaultConfigurationName = Release;
		};
		7ACA25F72B1FB2270058794A /* Build configuration list for PBXNativeTarget "TMSHomework-Lesson6" */ = {
			isa = XCConfigurationList;
			buildConfigurations = (
				7ACA25F82B1FB2270058794A /* Debug */,
				7ACA25F92B1FB2270058794A /* Release */,
			);
			defaultConfigurationIsVisible = 0;
			defaultConfigurationName = Release;
		};
/* End XCConfigurationList section */
	};
	rootObject = 7ACA25DB2B1FB2250058794A /* Project object */;
}
